
Microsoft Visual Studio Solution File, Format Version 12.00
# Visual Studio Version 17
VisualStudioVersion = 17.4.33213.308
MinimumVisualStudioVersion = 10.0.40219.1
Project("{2150E333-8FDC-42A3-9474-1A3956D46DE8}") = "Services", "Services", "{CFA21526-B900-4BE9-AF7C-01042746BEB7}"
EndProject
Project("{2150E333-8FDC-42A3-9474-1A3956D46DE8}") = "Catalog", "Catalog", "{3BE1EEB0-A29D-4633-9D04-E4E1A6F7F7A2}"
EndProject
Project("{9A19103F-16F7-4668-BE54-9A1E7A4F7556}") = "Catalog.API", "Services\Catalog\Catalog.API\Catalog.API.csproj", "{1CF09E98-4CC4-4287-9C0A-A6F28B627CA7}"
EndProject
Project("{E53339B2-1760-4266-BCC7-CA923CBCF16C}") = "docker-compose", "docker-compose.dcproj", "{5B553A49-25C0-4E74-8944-887B1EC8183D}"
EndProject
Project("{2150E333-8FDC-42A3-9474-1A3956D46DE8}") = "Basket", "Basket", "{DF441B15-219F-4BC0-8186-C017E2C283B7}"
EndProject
Project("{9A19103F-16F7-4668-BE54-9A1E7A4F7556}") = "Basket.API", "Services\Basket\Basket.API\Basket.API.csproj", "{49D0E6EB-5133-4901-8A16-E3D6B8FFBDCD}"
EndProject
Project("{2150E333-8FDC-42A3-9474-1A3956D46DE8}") = "Discount", "Discount", "{E4E19235-4838-4543-BBFD-99226A39997E}"
EndProject
Project("{9A19103F-16F7-4668-BE54-9A1E7A4F7556}") = "Discount.API", "Services\Discount\Discount.API\Discount.API.csproj", "{F2557736-EE8A-4B97-8293-6FC2DCC7E736}"
EndProject
Project("{9A19103F-16F7-4668-BE54-9A1E7A4F7556}") = "Discount.Grpc", "services\Discount\Discount.Grpc\Discount.Grpc.csproj", "{9C314065-7B5B-4FEF-9F85-565228EF0D2E}"
EndProject
Project("{2150E333-8FDC-42A3-9474-1A3956D46DE8}") = "Ordering", "Ordering", "{AD565F31-B23F-4918-BB21-F6B38884FFB6}"
EndProject
Project("{9A19103F-16F7-4668-BE54-9A1E7A4F7556}") = "Ordering.API", "Services\Ordering\Ordering.API\Ordering.API.csproj", "{94D42EA6-E16D-46EE-AEAF-D45CAE8CAD78}"
EndProject
Project("{9A19103F-16F7-4668-BE54-9A1E7A4F7556}") = "Ordering.Domain", "Services\Ordering\Ordering.Domain\Ordering.Domain.csproj", "{F525088B-D739-4E3A-92F5-50BFF00263FE}"
EndProject
Project("{9A19103F-16F7-4668-BE54-9A1E7A4F7556}") = "Ordering.Application", "Services\Ordering\Ordering.Application\Ordering.Application.csproj", "{A445CF14-726F-4614-925D-0E10B41666B1}"
EndProject
Project("{9A19103F-16F7-4668-BE54-9A1E7A4F7556}") = "Ordering.Infrastructure", "Services\Ordering\Ordering.Infrastructure\Ordering.Infrastructure.csproj", "{6BD5540B-0068-45C2-959B-DC13FA1462F5}"
EndProject
Project("{2150E333-8FDC-42A3-9474-1A3956D46DE8}") = "BuildingBlocks", "BuildingBlocks", "{C1FE2216-FDF6-4231-9381-89E14D2E73F2}"
EndProject
Project("{9A19103F-16F7-4668-BE54-9A1E7A4F7556}") = "EventBus.Messages", "BuildingBlocks\EventBus.Messages\EventBus.Messages.csproj", "{CB47F946-6A50-4986-A6DA-64411BCD88C0}"
EndProject
Project("{2150E333-8FDC-42A3-9474-1A3956D46DE8}") = "ApiGateways", "ApiGateways", "{4EA474A1-B44D-4CAC-8E7A-6D707A312B31}"
EndProject
Project("{FAE04EC0-301F-11D3-BF4B-00C04F79EFBC}") = "OcelotApiGw", "ApiGateways\OcelotApiGw\OcelotApiGw.csproj", "{F74C306D-71CF-407E-AFDD-65B8BC151B37}"
EndProject
Global
	GlobalSection(SolutionConfigurationPlatforms) = preSolution
		Debug|Any CPU = Debug|Any CPU
		Release|Any CPU = Release|Any CPU
	EndGlobalSection
	GlobalSection(ProjectConfigurationPlatforms) = postSolution
		{1CF09E98-4CC4-4287-9C0A-A6F28B627CA7}.Debug|Any CPU.ActiveCfg = Debug|Any CPU
		{1CF09E98-4CC4-4287-9C0A-A6F28B627CA7}.Debug|Any CPU.Build.0 = Debug|Any CPU
		{1CF09E98-4CC4-4287-9C0A-A6F28B627CA7}.Release|Any CPU.ActiveCfg = Release|Any CPU
		{1CF09E98-4CC4-4287-9C0A-A6F28B627CA7}.Release|Any CPU.Build.0 = Release|Any CPU
		{5B553A49-25C0-4E74-8944-887B1EC8183D}.Debug|Any CPU.ActiveCfg = Debug|Any CPU
		{5B553A49-25C0-4E74-8944-887B1EC8183D}.Debug|Any CPU.Build.0 = Debug|Any CPU
		{5B553A49-25C0-4E74-8944-887B1EC8183D}.Release|Any CPU.ActiveCfg = Release|Any CPU
		{5B553A49-25C0-4E74-8944-887B1EC8183D}.Release|Any CPU.Build.0 = Release|Any CPU
		{49D0E6EB-5133-4901-8A16-E3D6B8FFBDCD}.Debug|Any CPU.ActiveCfg = Debug|Any CPU
		{49D0E6EB-5133-4901-8A16-E3D6B8FFBDCD}.Debug|Any CPU.Build.0 = Debug|Any CPU
		{49D0E6EB-5133-4901-8A16-E3D6B8FFBDCD}.Release|Any CPU.ActiveCfg = Release|Any CPU
		{49D0E6EB-5133-4901-8A16-E3D6B8FFBDCD}.Release|Any CPU.Build.0 = Release|Any CPU
		{F2557736-EE8A-4B97-8293-6FC2DCC7E736}.Debug|Any CPU.ActiveCfg = Debug|Any CPU
		{F2557736-EE8A-4B97-8293-6FC2DCC7E736}.Debug|Any CPU.Build.0 = Debug|Any CPU
		{F2557736-EE8A-4B97-8293-6FC2DCC7E736}.Release|Any CPU.ActiveCfg = Release|Any CPU
		{F2557736-EE8A-4B97-8293-6FC2DCC7E736}.Release|Any CPU.Build.0 = Release|Any CPU
		{9C314065-7B5B-4FEF-9F85-565228EF0D2E}.Debug|Any CPU.ActiveCfg = Debug|Any CPU
		{9C314065-7B5B-4FEF-9F85-565228EF0D2E}.Debug|Any CPU.Build.0 = Debug|Any CPU
		{9C314065-7B5B-4FEF-9F85-565228EF0D2E}.Release|Any CPU.ActiveCfg = Release|Any CPU
		{9C314065-7B5B-4FEF-9F85-565228EF0D2E}.Release|Any CPU.Build.0 = Release|Any CPU
		{94D42EA6-E16D-46EE-AEAF-D45CAE8CAD78}.Debug|Any CPU.ActiveCfg = Debug|Any CPU
		{94D42EA6-E16D-46EE-AEAF-D45CAE8CAD78}.Debug|Any CPU.Build.0 = Debug|Any CPU
		{94D42EA6-E16D-46EE-AEAF-D45CAE8CAD78}.Release|Any CPU.ActiveCfg = Release|Any CPU
		{94D42EA6-E16D-46EE-AEAF-D45CAE8CAD78}.Release|Any CPU.Build.0 = Release|Any CPU
		{F525088B-D739-4E3A-92F5-50BFF00263FE}.Debug|Any CPU.ActiveCfg = Debug|Any CPU
		{F525088B-D739-4E3A-92F5-50BFF00263FE}.Debug|Any CPU.Build.0 = Debug|Any CPU
		{F525088B-D739-4E3A-92F5-50BFF00263FE}.Release|Any CPU.ActiveCfg = Release|Any CPU
		{F525088B-D739-4E3A-92F5-50BFF00263FE}.Release|Any CPU.Build.0 = Release|Any CPU
		{A445CF14-726F-4614-925D-0E10B41666B1}.Debug|Any CPU.ActiveCfg = Debug|Any CPU
		{A445CF14-726F-4614-925D-0E10B41666B1}.Debug|Any CPU.Build.0 = Debug|Any CPU
		{A445CF14-726F-4614-925D-0E10B41666B1}.Release|Any CPU.ActiveCfg = Release|Any CPU
		{A445CF14-726F-4614-925D-0E10B41666B1}.Release|Any CPU.Build.0 = Release|Any CPU
		{6BD5540B-0068-45C2-959B-DC13FA1462F5}.Debug|Any CPU.ActiveCfg = Debug|Any CPU
		{6BD5540B-0068-45C2-959B-DC13FA1462F5}.Debug|Any CPU.Build.0 = Debug|Any CPU
		{6BD5540B-0068-45C2-959B-DC13FA1462F5}.Release|Any CPU.ActiveCfg = Release|Any CPU
		{6BD5540B-0068-45C2-959B-DC13FA1462F5}.Release|Any CPU.Build.0 = Release|Any CPU
		{CB47F946-6A50-4986-A6DA-64411BCD88C0}.Debug|Any CPU.ActiveCfg = Debug|Any CPU
		{CB47F946-6A50-4986-A6DA-64411BCD88C0}.Debug|Any CPU.Build.0 = Debug|Any CPU
		{CB47F946-6A50-4986-A6DA-64411BCD88C0}.Release|Any CPU.ActiveCfg = Release|Any CPU
		{CB47F946-6A50-4986-A6DA-64411BCD88C0}.Release|Any CPU.Build.0 = Release|Any CPU
		{F74C306D-71CF-407E-AFDD-65B8BC151B37}.Debug|Any CPU.ActiveCfg = Debug|Any CPU
		{F74C306D-71CF-407E-AFDD-65B8BC151B37}.Debug|Any CPU.Build.0 = Debug|Any CPU
		{F74C306D-71CF-407E-AFDD-65B8BC151B37}.Release|Any CPU.ActiveCfg = Release|Any CPU
		{F74C306D-71CF-407E-AFDD-65B8BC151B37}.Release|Any CPU.Build.0 = Release|Any CPU
	EndGlobalSection
	GlobalSection(SolutionProperties) = preSolution
		HideSolutionNode = FALSE
	EndGlobalSection
	GlobalSection(NestedProjects) = preSolution
		{3BE1EEB0-A29D-4633-9D04-E4E1A6F7F7A2} = {CFA21526-B900-4BE9-AF7C-01042746BEB7}
		{1CF09E98-4CC4-4287-9C0A-A6F28B627CA7} = {3BE1EEB0-A29D-4633-9D04-E4E1A6F7F7A2}
		{DF441B15-219F-4BC0-8186-C017E2C283B7} = {CFA21526-B900-4BE9-AF7C-01042746BEB7}
		{49D0E6EB-5133-4901-8A16-E3D6B8FFBDCD} = {DF441B15-219F-4BC0-8186-C017E2C283B7}
		{E4E19235-4838-4543-BBFD-99226A39997E} = {CFA21526-B900-4BE9-AF7C-01042746BEB7}
		{F2557736-EE8A-4B97-8293-6FC2DCC7E736} = {E4E19235-4838-4543-BBFD-99226A39997E}
		{9C314065-7B5B-4FEF-9F85-565228EF0D2E} = {E4E19235-4838-4543-BBFD-99226A39997E}
		{AD565F31-B23F-4918-BB21-F6B38884FFB6} = {CFA21526-B900-4BE9-AF7C-01042746BEB7}
		{94D42EA6-E16D-46EE-AEAF-D45CAE8CAD78} = {AD565F31-B23F-4918-BB21-F6B38884FFB6}
		{F525088B-D739-4E3A-92F5-50BFF00263FE} = {AD565F31-B23F-4918-BB21-F6B38884FFB6}
		{A445CF14-726F-4614-925D-0E10B41666B1} = {AD565F31-B23F-4918-BB21-F6B38884FFB6}
		{6BD5540B-0068-45C2-959B-DC13FA1462F5} = {AD565F31-B23F-4918-BB21-F6B38884FFB6}
		{CB47F946-6A50-4986-A6DA-64411BCD88C0} = {C1FE2216-FDF6-4231-9381-89E14D2E73F2}
		{F74C306D-71CF-407E-AFDD-65B8BC151B37} = {4EA474A1-B44D-4CAC-8E7A-6D707A312B31}
	EndGlobalSection
	GlobalSection(ExtensibilityGlobals) = postSolution
		SolutionGuid = {69CE089A-F849-4226-A484-19BC338D7BF5}
	EndGlobalSection
EndGlobal
